
Microsoft Visual Studio Solution File, Format Version 11.00
# Visual Studio 2010
Project("{FAE04EC0-301F-11D3-BF4B-00C04F79EFBC}") = "Aufgabe_4_Linsenverzerrung", "Assembly-CSharp-firstpass.csproj", "{6D7DC630-9F9D-AC78-5D37-E63DAF22873A}"
EndProject
Project("{FAE04EC0-301F-11D3-BF4B-00C04F79EFBC}") = "Aufgabe_4_Linsenverzerrung", "Assembly-CSharp.csproj", "{A37CF5E0-EA30-A59F-A0CA-2DA79C55E66F}"
EndProject
Project("{FAE04EC0-301F-11D3-BF4B-00C04F79EFBC}") = "Aufgabe_4_Linsenverzerrung", "Assembly-CSharp-Editor-firstpass.csproj", "{1EE1B064-59AC-D258-A1EF-461032BCF97C}"
EndProject
Global
	GlobalSection(SolutionConfigurationPlatforms) = preSolution
		Debug|Any CPU = Debug|Any CPU
		Release|Any CPU = Release|Any CPU
	EndGlobalSection
	GlobalSection(ProjectConfigurationPlatforms) = postSolution
		{6D7DC630-9F9D-AC78-5D37-E63DAF22873A}.Debug|Any CPU.ActiveCfg = Debug|Any CPU
		{6D7DC630-9F9D-AC78-5D37-E63DAF22873A}.Debug|Any CPU.Build.0 = Debug|Any CPU
		{6D7DC630-9F9D-AC78-5D37-E63DAF22873A}.Release|Any CPU.ActiveCfg = Release|Any CPU
		{6D7DC630-9F9D-AC78-5D37-E63DAF22873A}.Release|Any CPU.Build.0 = Release|Any CPU
		{A37CF5E0-EA30-A59F-A0CA-2DA79C55E66F}.Debug|Any CPU.ActiveCfg = Debug|Any CPU
		{A37CF5E0-EA30-A59F-A0CA-2DA79C55E66F}.Debug|Any CPU.Build.0 = Debug|Any CPU
		{A37CF5E0-EA30-A59F-A0CA-2DA79C55E66F}.Release|Any CPU.ActiveCfg = Release|Any CPU
		{A37CF5E0-EA30-A59F-A0CA-2DA79C55E66F}.Release|Any CPU.Build.0 = Release|Any CPU
		{1EE1B064-59AC-D258-A1EF-461032BCF97C}.Debug|Any CPU.ActiveCfg = Debug|Any CPU
		{1EE1B064-59AC-D258-A1EF-461032BCF97C}.Debug|Any CPU.Build.0 = Debug|Any CPU
		{1EE1B064-59AC-D258-A1EF-461032BCF97C}.Release|Any CPU.ActiveCfg = Release|Any CPU
		{1EE1B064-59AC-D258-A1EF-461032BCF97C}.Release|Any CPU.Build.0 = Release|Any CPU
	EndGlobalSection
	GlobalSection(SolutionProperties) = preSolution
		HideSolutionNode = FALSE
	EndGlobalSection
	GlobalSection(MonoDevelopProperties) = preSolution
		StartupItem = Assembly-CSharp.csproj
	EndGlobalSection
EndGlobal
